{
  "version": "2",
  "remote": {
    "https://deno.land/std@0.106.0/encoding/base64.ts": "eecae390f1f1d1cae6f6c6d732ede5276bf4b9cd29b1d281678c054dc5cc009e",
    "https://deno.land/std@0.174.0/async/abortable.ts": "73acfb3ed7261ce0d930dbe89e43db8d34e017b063cf0eaa7d215477bf53442e",
    "https://deno.land/std@0.174.0/async/deadline.ts": "b98e50d2c42399af03ad13bbb8cf59dadb9f0cd5d70648cc0c3b9202d75ab565",
    "https://deno.land/std@0.174.0/async/debounce.ts": "adab11d04ca38d699444ac8a9d9856b4155e8dda2afd07ce78276c01ea5a4332",
    "https://deno.land/std@0.174.0/async/deferred.ts": "42790112f36a75a57db4a96d33974a936deb7b04d25c6084a9fa8a49f135def8",
    "https://deno.land/std@0.174.0/async/delay.ts": "73aa04cec034c84fc748c7be49bb15cac3dd43a57174bfdb7a4aec22c248f0dd",
    "https://deno.land/std@0.174.0/async/mod.ts": "f04344fa21738e5ad6bea37a6bfffd57c617c2d372bb9f9dcfd118a1b622e576",
    "https://deno.land/std@0.174.0/async/mux_async_iterator.ts": "70c7f2ee4e9466161350473ad61cac0b9f115cff4c552eaa7ef9d50c4cbb4cc9",
    "https://deno.land/std@0.174.0/async/pool.ts": "fd082bd4aaf26445909889435a5c74334c017847842ec035739b4ae637ae8260",
    "https://deno.land/std@0.174.0/async/retry.ts": "5efa3ba450ac0c07a40a82e2df296287b5013755d232049efd7ea2244f15b20f",
    "https://deno.land/std@0.174.0/async/tee.ts": "47e42d35f622650b02234d43803d0383a89eb4387e1b83b5a40106d18ae36757",
    "https://deno.land/std@0.174.0/http/server.ts": "cbb17b594651215ba95c01a395700684e569c165a567e4e04bba327f41197433",
    "https://deno.land/std@0.177.0/_util/asserts.ts": "178dfc49a464aee693a7e285567b3d0b555dc805ff490505a8aae34f9cfb1462",
    "https://deno.land/std@0.177.0/_util/os.ts": "d932f56d41e4f6a6093d56044e29ce637f8dcc43c5a90af43504a889cf1775e3",
    "https://deno.land/std@0.177.0/bytes/index_of_needle.ts": "65c939607df609374c4415598fa4dad04a2f14c4d98cd15775216f0aaf597f24",
    "https://deno.land/std@0.177.0/encoding/base64.ts": "7de04c2f8aeeb41453b09b186480be90f2ff357613b988e99fabb91d2eeceba1",
    "https://deno.land/std@0.177.0/encoding/base64url.ts": "3f1178f6446834457b16bfde8b559c1cd3481727fe384d3385e4a9995dc2d851",
    "https://deno.land/std@0.177.0/node/_core.ts": "9a58c0ef98ee77e9b8fcc405511d1b37a003a705eb6a9b6e95f75434d8009adc",
    "https://deno.land/std@0.177.0/node/_utils.ts": "7fd55872a0cf9275e3c080a60e2fa6d45b8de9e956ebcde9053e72a344185884",
    "https://deno.land/std@0.177.0/node/buffer.ts": "85617be2063eccaf177dbb84c7580d1e32023724ed14bd9df4e453b152a26167",
    "https://deno.land/std@0.177.0/node/internal/buffer.d.ts": "bdfa991cd88cb02fd08bf8235d2618550e3e511c970b2a8f2e1a6885a2793cac",
    "https://deno.land/std@0.177.0/node/internal/buffer.mjs": "e92303a3cc6d9aaabcd270a937ad9319825d9ba08cb332650944df4562029b27",
    "https://deno.land/std@0.177.0/node/internal/crypto/_keys.ts": "8f3c3b5a141aa0331a53c205e9338655f1b3b307a08085fd6ff6dda6f7c4190b",
    "https://deno.land/std@0.177.0/node/internal/crypto/constants.ts": "544d605703053218499b08214f2e25cf4310651d535b7ab995891c4b7a217693",
    "https://deno.land/std@0.177.0/node/internal/error_codes.ts": "8495e33f448a484518d76fa3d41d34fc20fe03c14b30130ad8e936b0035d4b8b",
    "https://deno.land/std@0.177.0/node/internal/errors.ts": "1c699b8a3cb93174f697a348c004b1c6d576b66688eac8a48ebb78e65c720aae",
    "https://deno.land/std@0.177.0/node/internal/hide_stack_frames.ts": "9dd1bad0a6e62a1042ce3a51eb1b1ecee2f246907bff44835f86e8f021de679a",
    "https://deno.land/std@0.177.0/node/internal/normalize_encoding.mjs": "fd1d9df61c44d7196432f6e8244621468715131d18cc79cd299fc78ac549f707",
    "https://deno.land/std@0.177.0/node/internal/primordials.mjs": "a72d86b5aa55d3d50b8e916b6a59b7cc0dc5a31da8937114b4a113ad5aa08c74",
    "https://deno.land/std@0.177.0/node/internal/util.mjs": "f7fe2e1ca5e66f550ad0856b9f5ee4d666f0c071fe212ea7fc7f37cfa81f97a5",
    "https://deno.land/std@0.177.0/node/internal/util/inspect.mjs": "11d7c9cab514b8e485acc3978c74b837263ff9c08ae4537fa18ad56bae633259",
    "https://deno.land/std@0.177.0/node/internal/util/types.ts": "0e587b44ec5e017cf228589fc5ce9983b75beece6c39409c34170cfad49d6417",
    "https://deno.land/std@0.177.0/node/internal/validators.mjs": "e02f2b02dd072a5d623970292588d541204dc82207b4c58985d933a5f4b382e6",
    "https://deno.land/std@0.177.0/node/internal_binding/_libuv_winerror.ts": "30c9569603d4b97a1f1a034d88a3f74800d5ea1f12fcc3d225c9899d4e1a518b",
    "https://deno.land/std@0.177.0/node/internal_binding/_node.ts": "cb2389b0eab121df99853eb6a5e3a684e4537e065fb8bf2cca0cbf219ce4e32e",
    "https://deno.land/std@0.177.0/node/internal_binding/_utils.ts": "7c58a2fbb031a204dee9583ba211cf9c67922112fe77e7f0b3226112469e9fe1",
    "https://deno.land/std@0.177.0/node/internal_binding/_winerror.ts": "3e8cfdfe22e89f13d2b28529bab35155e6b1730c0221ec5a6fc7077dc037be13",
    "https://deno.land/std@0.177.0/node/internal_binding/buffer.ts": "31729e0537921d6c730ad0afea44a7e8a0a1044d070ade8368226cb6f7390c8b",
    "https://deno.land/std@0.177.0/node/internal_binding/constants.ts": "21ff9d1ee71d0a2086541083a7711842fc6ae25e264dbf45c73815aadce06f4c",
    "https://deno.land/std@0.177.0/node/internal_binding/string_decoder.ts": "54c3c1cbd5a9254881be58bf22637965dc69535483014dab60487e299cb95445",
    "https://deno.land/std@0.177.0/node/internal_binding/types.ts": "2187595a58d2cf0134f4db6cc2a12bf777f452f52b15b6c3aed73fa072aa5fc3",
    "https://deno.land/std@0.177.0/node/internal_binding/util.ts": "808ff3b92740284184ab824adfc420e75398c88c8bccf5111f0c24ac18c48f10",
    "https://deno.land/std@0.177.0/node/internal_binding/uv.ts": "eb0048e30af4db407fb3f95563e30d70efd6187051c033713b0a5b768593a3a3",
    "https://deno.land/std@0.179.0/encoding/base64.ts": "7de04c2f8aeeb41453b09b186480be90f2ff357613b988e99fabb91d2eeceba1",
    "https://deno.land/std@0.76.0/encoding/base64.ts": "b1d8f99b778981548457ec74bc6273ad785ffd6f61b2233bd5b30925345b565d",
    "https://deno.land/x/canvas@v1.1.1/deps.ts": "d6e023604ea156fbcb2bd997e2c957b119addf2bf782087e2358bd4705bab274",
    "https://deno.land/x/canvas@v1.1.1/lib.js": "3d02b3ab09299e81e16c3467c5ee610fbf7902c83725e8a5bc82311fcb99a1c0",
    "https://deno.land/x/canvas@v1.1.1/mod.ts": "6623dda5d83ce6eb8f7ec16dbb0adec02b4b0fadad409e622ec0b823248637f9",
    "https://deno.land/x/canvas@v1.1.1/types.ts": "c8b32221ffa8b045a032fca63856314fbc4f808f3caff0462b5d1e2ebbb108b9",
    "https://deno.land/x/canvas@v1.1.1/wasm.js": "82494da412e811b69f70634da0da96a64591c4aa5d6b8fe81ec8c7e006610940",
    "https://deno.land/x/canvas@v1.4.1/deps.ts": "e956026d98094946166e06d7b799290b732db015813870d84e04e33ab88e98f3",
    "https://deno.land/x/canvas@v1.4.1/mod.ts": "a4e16972647ceafef58612a377a218372454c99d2c9da615a132694597114f80",
    "https://deno.land/x/canvas@v1.4.1/src/base64.ts": "0928031fdba0c43b617154fbe2eb7578366460c04da1422933ae5e936d3d0349",
    "https://deno.land/x/canvas@v1.4.1/src/canvas.ts": "58119999b04f68ebeed2627485c5c24c5b0c029707edde0b6568814f9049a3a8",
    "https://deno.land/x/canvas@v1.4.1/src/canvaskit.ts": "c3d807472cbb3e1d9fc01bb43ff974ef796c4b010178d1595be5fa793cce5e7d",
    "https://deno.land/x/canvas@v1.4.1/src/color_util.ts": "28f1072f0a5acbe7add7fac2f452311a47b44c080806fc4057de2d2e405c6c1c",
    "https://deno.land/x/canvas@v1.4.1/src/lib.js": "bb21711589bfbc8997b455cdf53e3150e23289f3b44809188041b1d2fc7924fa",
    "https://deno.land/x/canvas@v1.4.1/src/types.ts": "67d5800f8f4b0a407e0251676a03ae91b5f50a3ed53e6b72dc5984113cb93128",
    "https://deno.land/x/canvas@v1.4.1/src/wasm.js": "449d72cc14fc4142a5853f944df49a744d852981d09c5515528ede8aebb0afda",
    "https://deno.land/x/fetchbase64@1.0.0/deps.ts": "2f44013a40540650b346d36b6aae141207b39426fca02ec5292d9d4d5f33f4ac",
    "https://deno.land/x/fetchbase64@1.0.0/mod.ts": "f4551a2ecf41f560dcd12c6c8cf65b5246458b2b9b2b2836693a3410b15ca82f",
    "https://deno.land/x/fetchbase64@1.0.0/src/auto.ts": "77a20763dd250b71af0ff7abe11a37722c0ee637cd1feafe4afd081f7d04e868",
    "https://deno.land/x/fetchbase64@1.0.0/src/local.ts": "53a9d0157419f3bc1aac6440549adac529c475042d2391532618242a883f96c9",
    "https://deno.land/x/fetchbase64@1.0.0/src/remote.ts": "95320d1e2cba524099f18a446195388de31281e713ec6c86e46f9d20bb6db736",
    "https://deno.land/x/hono@v2.7.7/compose.ts": "55f00eb0547c368d2c13304eb2dd9ea6e2cf738bb2c9e3fae966260a948568f6",
    "https://deno.land/x/hono@v2.7.7/context.ts": "f38b208bea645c4c1e9da8cd35edaa69dece92b200ab5217eee50f8816591013",
    "https://deno.land/x/hono@v2.7.7/deno/serve-static.ts": "fb8a54ee3f02025bcda6d44ed1b42e50ba0f908120bbe050d7c075898d77c13e",
    "https://deno.land/x/hono@v2.7.7/hono.ts": "6243db4056e9d03322ceac6cc6c5304a842661909401b954db74945dc0cf4911",
    "https://deno.land/x/hono@v2.7.7/middleware.ts": "a1271fcd6a6d217e32d3110bb3a14073d7e36cb43faee951467826df5d987154",
    "https://deno.land/x/hono@v2.7.7/middleware/basic-auth/index.ts": "35c80427798695b8f2dc0cbb6a34ef2b2aa169a8f6c31c5541ba6489592172c7",
    "https://deno.land/x/hono@v2.7.7/middleware/bearer-auth/index.ts": "e875eef34dfe68b608f39aa5767f507a8545ab27c9ae6a27984e1797d2a5eb52",
    "https://deno.land/x/hono@v2.7.7/middleware/cache/index.ts": "5f0e80036cf2b68ad458ad40333cea80ac3ff52f0763ef36dae3917f2370675d",
    "https://deno.land/x/hono@v2.7.7/middleware/compress/index.ts": "0b8ddbd70688361d5ef4e9418afa28affe2500a7f41a231a87873dad26ef5548",
    "https://deno.land/x/hono@v2.7.7/middleware/cors/index.ts": "10a743dcc793204835a5299070e2afaabb7e81cb742262faa9f1181f5e5d65ac",
    "https://deno.land/x/hono@v2.7.7/middleware/etag/index.ts": "e679c30ddd2600087521a7c1dac3798c2319c09d203bb627b54357b984fc72e7",
    "https://deno.land/x/hono@v2.7.7/middleware/html/index.ts": "a5028d8170dcc030d003749e743213e6532ff65798b741b81220207abc9af82d",
    "https://deno.land/x/hono@v2.7.7/middleware/jsx/index.ts": "6f32fa400675fe89d834cd29132d021f88d8bcbe711004d6139718b00f8bdb23",
    "https://deno.land/x/hono@v2.7.7/middleware/jwt/index.ts": "7887ae3b0094505bbe0b25d01bb8ab4cea235babfcc1132dbdf91460d9a90401",
    "https://deno.land/x/hono@v2.7.7/middleware/logger/index.ts": "fc825765a0ffe1a2a062d7886bf1807d69b2bc6eeb0e585904d7d0132c7347a9",
    "https://deno.land/x/hono@v2.7.7/middleware/powered-by/index.ts": "7ec561885ac0410786f78aeb9789ed7869edb2d43c615cbc3d14f21baee87359",
    "https://deno.land/x/hono@v2.7.7/middleware/pretty-json/index.ts": "f4a4b2fa2ecb73e23da6f0ef716fe7d6a7f05c69f64dc7f89fc68cbcb204a87f",
    "https://deno.land/x/hono@v2.7.7/middleware/validator/index.ts": "15d56889c469479b64562c78e817e4e79fed1840018e00ee813d88c0bd811ff7",
    "https://deno.land/x/hono@v2.7.7/middleware/validator/middleware.ts": "93312f8945a1c952fe3d4572fe31dc1c2cb817bb221946bbf240e376920c9240",
    "https://deno.land/x/hono@v2.7.7/mod.ts": "a6f5fc79ba07e98e1918694cb96f78358e0e967def1184ddb941d3a905cd9fbd",
    "https://deno.land/x/hono@v2.7.7/request.ts": "7cb352339263826c4f63905fb1b39ceae43aef88bdf2d2d49d6bd8dfb28d7b88",
    "https://deno.land/x/hono@v2.7.7/router.ts": "21448bc2e6019574c10fae11237da4367037fa107e68bf3d049cd2fd0efd2adb",
    "https://deno.land/x/hono@v2.7.7/router/reg-exp-router/index.ts": "52755829213941756159b7a963097bafde5cc4fc22b13b1c7c9184dc0512d1db",
    "https://deno.land/x/hono@v2.7.7/router/reg-exp-router/node.ts": "08bb532ffe43e6e11510f9f66122baef43288f05f592b17987fc3a2dc195251a",
    "https://deno.land/x/hono@v2.7.7/router/reg-exp-router/router.ts": "b158d519d7bc5bbae6a8b099a8563c51b90c132116353967ab9bef7f6e86e446",
    "https://deno.land/x/hono@v2.7.7/router/reg-exp-router/trie.ts": "ab8a4ec6c3cdfdbcd1f53130db28b6174318bdfa815d57c792154203e71bc3d2",
    "https://deno.land/x/hono@v2.7.7/router/smart-router/index.ts": "74f9b4fe15ea535900f2b9b048581915f12fe94e531dd2b0032f5610e61c3bef",
    "https://deno.land/x/hono@v2.7.7/router/smart-router/router.ts": "1d54f5c87875d856ed5fc2d22a100e1ff31debe3e9d8e9b1cc18d8e5706239f2",
    "https://deno.land/x/hono@v2.7.7/router/static-router/index.ts": "f31aaebff3b2b05f00946d3a8b688289a43b5c2bfb124e54ffadeee6a24a1b52",
    "https://deno.land/x/hono@v2.7.7/router/static-router/router.ts": "75a15b2964dc90a46aed7b313f8760b60af5d5e8a819c3a948b4ad8d3fdb7662",
    "https://deno.land/x/hono@v2.7.7/router/trie-router/index.ts": "3eb75e7f71ba81801631b30de6b1f5cefb2c7239c03797e2b2cbab5085911b41",
    "https://deno.land/x/hono@v2.7.7/router/trie-router/node.ts": "514ef8e66a96d1ececc2823421d5a4001d59a1cec241bb545688716cba1e9dbb",
    "https://deno.land/x/hono@v2.7.7/router/trie-router/router.ts": "0a969528a0c1680b552b20f0ca90e484e968ac279be9d5fd952b61a804d680e7",
    "https://deno.land/x/hono@v2.7.7/types.ts": "1b8a876c013caee63287c198983740e3467e6f88a7f1a56301418904147370fb",
    "https://deno.land/x/hono@v2.7.7/utils/body.ts": "095afd5b9cd8458bb78353479911a428a23acbef1ffd545483f7b051c08a9fc0",
    "https://deno.land/x/hono@v2.7.7/utils/buffer.ts": "669673dee1963e93552de2c1daca367d97b6ed1b4acc03eecd06d1b471383a95",
    "https://deno.land/x/hono@v2.7.7/utils/cookie.ts": "545872bd7af3b455c24fd386ecbccfd161e7d4a0038d6b09b1bb22723602f90a",
    "https://deno.land/x/hono@v2.7.7/utils/crypto.ts": "bda0e141bbe46d3a4a20f8fbcb6380d473b617123d9fdfa93e4499410b537acc",
    "https://deno.land/x/hono@v2.7.7/utils/encode.ts": "a120fdf94fd15ffae0b925d7602d8a1fb65da9c8804a9a63e7cfb40956695b35",
    "https://deno.land/x/hono@v2.7.7/utils/filepath.ts": "5f708bb6a2f0b8e83a3333868ac86abdfba15e52b46acb5e13018fa2138f0826",
    "https://deno.land/x/hono@v2.7.7/utils/html.ts": "636c4a04eaea1c52c14a37cd28d83cba66b293d1e31420a4475e951268901ae4",
    "https://deno.land/x/hono@v2.7.7/utils/http-status.ts": "2d6003e352c1fe918db663fa4bd2b20bf0b9d4e1699ba5e163f317f00b29d938",
    "https://deno.land/x/hono@v2.7.7/utils/json.ts": "ae34c6191e7a844f04a95efaffb177b6a15a3bc5b17321c5679081940df6ab1d",
    "https://deno.land/x/hono@v2.7.7/utils/jwt/index.ts": "5e4b82a42eb3603351dfce726cd781ca41cb57437395409d227131aec348d2d5",
    "https://deno.land/x/hono@v2.7.7/utils/jwt/jwt.ts": "4fefadfb914ad88282949d0cce2be16bdbd0b0614d15ecbb340c4fc47a9929b9",
    "https://deno.land/x/hono@v2.7.7/utils/jwt/types.ts": "715514fe59f0c37048b2940528bd4f4ec5795e04f0bc1d6d7e33f8d8bb1fe9de",
    "https://deno.land/x/hono@v2.7.7/utils/mime.ts": "13934f2348d74859196835cab004cfeb7f5544721db1cabce8023f32ee808320",
    "https://deno.land/x/hono@v2.7.7/utils/object.ts": "f33b019691fb966d085545627cf471177a1ab334f4fbd489c01ba0df4c3de888",
    "https://deno.land/x/hono@v2.7.7/utils/types.ts": "173dedfe018b447cc6b067d2b6968c1f1dccba67ad50526d356b79e0465a5753",
    "https://deno.land/x/hono@v2.7.7/utils/url.ts": "120cfd1297f91dc269454ad4bc3fabb54593cd9994ec2e6c4f56b6d9018419a0",
    "https://deno.land/x/hono@v2.7.7/validator/rule.ts": "a6614973170e1e4b71e260a678c1b28aecfd17053273e59bf99f1382b4f74eaa",
    "https://deno.land/x/hono@v2.7.7/validator/sanitizer.ts": "da03fdd70baa6d2f178d616a9f35cea1028a15d1429339ee3c3f9eff9aded38f",
    "https://deno.land/x/hono@v2.7.7/validator/schema.ts": "14200fd2e40022534f609b1331cd2058f87e060d448d0949bd56d80ad122d1ec",
    "https://deno.land/x/hono@v2.7.7/validator/validator.ts": "e29a871c60f98cc393638d334194d21c8aafe461765301e441f5c0fce65fff4a"
  }
}
